
Microsoft Visual Studio Solution File, Format Version 12.00
# Visual Studio Version 17
VisualStudioVersion = 17.0.31903.59
MinimumVisualStudioVersion = 10.0.40219.1
Project("{FAE04EC0-301F-11D3-BF4B-00C04F79EFBC}") = "MarketMinds", "MarketMinds.csproj", "{3B42F394-D49C-4032-AAFA-1ADB3300358D}"
EndProject
Project("{FAE04EC0-301F-11D3-BF4B-00C04F79EFBC}") = "MarketMinds.Test", "..\MarketMinds.Test\MarketMinds.Test.csproj", "{E6E2D401-3B3A-EF34-E01E-4969A9F3A24E}"
EndProject
Project("{FAE04EC0-301F-11D3-BF4B-00C04F79EFBC}") = "MarketMinds.Shared", "..\MarketMinds.Shared\MarketMinds.Shared.csproj", "{BA1ECB5B-9050-465F-9C84-906641B2C6EE}"
EndProject
Project("{FAE04EC0-301F-11D3-BF4B-00C04F79EFBC}") = "server", "..\server\server.csproj", "{9253C782-8BFB-9B50-EF5D-D0174F3C77FF}"
EndProject
Project("{FAE04EC0-301F-11D3-BF4B-00C04F79EFBC}") = "MarketMinds.Web", "..\MarketMinds.Web\MarketMinds.Web.csproj", "{569DDA2C-2632-A540-208E-A622E2E8E165}"
EndProject
Global
	GlobalSection(SolutionConfigurationPlatforms) = preSolution
		Debug|Any CPU = Debug|Any CPU
		Debug|ARM64 = Debug|ARM64
		Debug|x64 = Debug|x64
		Debug|x86 = Debug|x86
		Release|Any CPU = Release|Any CPU
		Release|ARM64 = Release|ARM64
		Release|x64 = Release|x64
		Release|x86 = Release|x86
	EndGlobalSection
	GlobalSection(ProjectConfigurationPlatforms) = postSolution
		{3B42F394-D49C-4032-AAFA-1ADB3300358D}.Debug|Any CPU.ActiveCfg = Debug|x64
		{3B42F394-D49C-4032-AAFA-1ADB3300358D}.Debug|Any CPU.Build.0 = Debug|x64
		{3B42F394-D49C-4032-AAFA-1ADB3300358D}.Debug|Any CPU.Deploy.0 = Debug|x64
		{3B42F394-D49C-4032-AAFA-1ADB3300358D}.Debug|ARM64.ActiveCfg = Debug|ARM64
		{3B42F394-D49C-4032-AAFA-1ADB3300358D}.Debug|ARM64.Build.0 = Debug|ARM64
		{3B42F394-D49C-4032-AAFA-1ADB3300358D}.Debug|x64.ActiveCfg = Debug|x64
		{3B42F394-D49C-4032-AAFA-1ADB3300358D}.Debug|x64.Build.0 = Debug|x64
		{3B42F394-D49C-4032-AAFA-1ADB3300358D}.Debug|x64.Deploy.0 = Debug|x64
		{3B42F394-D49C-4032-AAFA-1ADB3300358D}.Debug|x86.ActiveCfg = Debug|Any CPU
		{3B42F394-D49C-4032-AAFA-1ADB3300358D}.Debug|x86.Build.0 = Debug|Any CPU
		{3B42F394-D49C-4032-AAFA-1ADB3300358D}.Release|Any CPU.ActiveCfg = Release|x64
		{3B42F394-D49C-4032-AAFA-1ADB3300358D}.Release|Any CPU.Build.0 = Release|x64
		{3B42F394-D49C-4032-AAFA-1ADB3300358D}.Release|ARM64.ActiveCfg = Release|ARM64
		{3B42F394-D49C-4032-AAFA-1ADB3300358D}.Release|ARM64.Build.0 = Release|ARM64
		{3B42F394-D49C-4032-AAFA-1ADB3300358D}.Release|x64.ActiveCfg = Release|x64
		{3B42F394-D49C-4032-AAFA-1ADB3300358D}.Release|x64.Build.0 = Release|x64
		{3B42F394-D49C-4032-AAFA-1ADB3300358D}.Release|x64.Deploy.0 = Release|x64
		{3B42F394-D49C-4032-AAFA-1ADB3300358D}.Release|x86.ActiveCfg = Release|Any CPU
		{3B42F394-D49C-4032-AAFA-1ADB3300358D}.Release|x86.Build.0 = Release|Any CPU
		{E6E2D401-3B3A-EF34-E01E-4969A9F3A24E}.Debug|Any CPU.ActiveCfg = Debug|Any CPU
		{E6E2D401-3B3A-EF34-E01E-4969A9F3A24E}.Debug|Any CPU.Build.0 = Debug|Any CPU
		{E6E2D401-3B3A-EF34-E01E-4969A9F3A24E}.Debug|ARM64.ActiveCfg = Debug|Any CPU
		{E6E2D401-3B3A-EF34-E01E-4969A9F3A24E}.Debug|ARM64.Build.0 = Debug|Any CPU
		{E6E2D401-3B3A-EF34-E01E-4969A9F3A24E}.Debug|x64.ActiveCfg = Debug|Any CPU
		{E6E2D401-3B3A-EF34-E01E-4969A9F3A24E}.Debug|x64.Build.0 = Debug|Any CPU
		{E6E2D401-3B3A-EF34-E01E-4969A9F3A24E}.Debug|x86.ActiveCfg = Debug|Any CPU
		{E6E2D401-3B3A-EF34-E01E-4969A9F3A24E}.Debug|x86.Build.0 = Debug|Any CPU
		{E6E2D401-3B3A-EF34-E01E-4969A9F3A24E}.Release|Any CPU.ActiveCfg = Release|Any CPU
		{E6E2D401-3B3A-EF34-E01E-4969A9F3A24E}.Release|Any CPU.Build.0 = Release|Any CPU
		{E6E2D401-3B3A-EF34-E01E-4969A9F3A24E}.Release|ARM64.ActiveCfg = Release|Any CPU
		{E6E2D401-3B3A-EF34-E01E-4969A9F3A24E}.Release|ARM64.Build.0 = Release|Any CPU
		{E6E2D401-3B3A-EF34-E01E-4969A9F3A24E}.Release|x64.ActiveCfg = Release|Any CPU
		{E6E2D401-3B3A-EF34-E01E-4969A9F3A24E}.Release|x64.Build.0 = Release|Any CPU
		{E6E2D401-3B3A-EF34-E01E-4969A9F3A24E}.Release|x86.ActiveCfg = Release|Any CPU
		{E6E2D401-3B3A-EF34-E01E-4969A9F3A24E}.Release|x86.Build.0 = Release|Any CPU
		{BA1ECB5B-9050-465F-9C84-906641B2C6EE}.Debug|Any CPU.ActiveCfg = Debug|Any CPU
		{BA1ECB5B-9050-465F-9C84-906641B2C6EE}.Debug|Any CPU.Build.0 = Debug|Any CPU
		{BA1ECB5B-9050-465F-9C84-906641B2C6EE}.Debug|ARM64.ActiveCfg = Debug|Any CPU
		{BA1ECB5B-9050-465F-9C84-906641B2C6EE}.Debug|ARM64.Build.0 = Debug|Any CPU
		{BA1ECB5B-9050-465F-9C84-906641B2C6EE}.Debug|x64.ActiveCfg = Debug|Any CPU
		{BA1ECB5B-9050-465F-9C84-906641B2C6EE}.Debug|x64.Build.0 = Debug|Any CPU
		{BA1ECB5B-9050-465F-9C84-906641B2C6EE}.Debug|x86.ActiveCfg = Debug|Any CPU
		{BA1ECB5B-9050-465F-9C84-906641B2C6EE}.Debug|x86.Build.0 = Debug|Any CPU
		{BA1ECB5B-9050-465F-9C84-906641B2C6EE}.Release|Any CPU.ActiveCfg = Release|Any CPU
		{BA1ECB5B-9050-465F-9C84-906641B2C6EE}.Release|Any CPU.Build.0 = Release|Any CPU
		{BA1ECB5B-9050-465F-9C84-906641B2C6EE}.Release|ARM64.ActiveCfg = Release|Any CPU
		{BA1ECB5B-9050-465F-9C84-906641B2C6EE}.Release|ARM64.Build.0 = Release|Any CPU
		{BA1ECB5B-9050-465F-9C84-906641B2C6EE}.Release|x64.ActiveCfg = Release|Any CPU
		{BA1ECB5B-9050-465F-9C84-906641B2C6EE}.Release|x64.Build.0 = Release|Any CPU
		{BA1ECB5B-9050-465F-9C84-906641B2C6EE}.Release|x86.ActiveCfg = Release|Any CPU
		{BA1ECB5B-9050-465F-9C84-906641B2C6EE}.Release|x86.Build.0 = Release|Any CPU
		{9253C782-8BFB-9B50-EF5D-D0174F3C77FF}.Debug|Any CPU.ActiveCfg = Debug|Any CPU
		{9253C782-8BFB-9B50-EF5D-D0174F3C77FF}.Debug|Any CPU.Build.0 = Debug|Any CPU
		{9253C782-8BFB-9B50-EF5D-D0174F3C77FF}.Debug|ARM64.ActiveCfg = Debug|Any CPU
		{9253C782-8BFB-9B50-EF5D-D0174F3C77FF}.Debug|ARM64.Build.0 = Debug|Any CPU
		{9253C782-8BFB-9B50-EF5D-D0174F3C77FF}.Debug|x64.ActiveCfg = Debug|Any CPU
		{9253C782-8BFB-9B50-EF5D-D0174F3C77FF}.Debug|x64.Build.0 = Debug|Any CPU
		{9253C782-8BFB-9B50-EF5D-D0174F3C77FF}.Debug|x86.ActiveCfg = Debug|Any CPU
		{9253C782-8BFB-9B50-EF5D-D0174F3C77FF}.Debug|x86.Build.0 = Debug|Any CPU
		{9253C782-8BFB-9B50-EF5D-D0174F3C77FF}.Release|Any CPU.ActiveCfg = Release|Any CPU
		{9253C782-8BFB-9B50-EF5D-D0174F3C77FF}.Release|Any CPU.Build.0 = Release|Any CPU
		{9253C782-8BFB-9B50-EF5D-D0174F3C77FF}.Release|ARM64.ActiveCfg = Release|Any CPU
		{9253C782-8BFB-9B50-EF5D-D0174F3C77FF}.Release|ARM64.Build.0 = Release|Any CPU
		{9253C782-8BFB-9B50-EF5D-D0174F3C77FF}.Release|x64.ActiveCfg = Release|Any CPU
		{9253C782-8BFB-9B50-EF5D-D0174F3C77FF}.Release|x64.Build.0 = Release|Any CPU
		{9253C782-8BFB-9B50-EF5D-D0174F3C77FF}.Release|x86.ActiveCfg = Release|Any CPU
		{9253C782-8BFB-9B50-EF5D-D0174F3C77FF}.Release|x86.Build.0 = Release|Any CPU
		{569DDA2C-2632-A540-208E-A622E2E8E165}.Debug|Any CPU.ActiveCfg = Debug|Any CPU
		{569DDA2C-2632-A540-208E-A622E2E8E165}.Debug|Any CPU.Build.0 = Debug|Any CPU
		{569DDA2C-2632-A540-208E-A622E2E8E165}.Debug|ARM64.ActiveCfg = Debug|Any CPU
		{569DDA2C-2632-A540-208E-A622E2E8E165}.Debug|ARM64.Build.0 = Debug|Any CPU
		{569DDA2C-2632-A540-208E-A622E2E8E165}.Debug|x64.ActiveCfg = Debug|Any CPU
		{569DDA2C-2632-A540-208E-A622E2E8E165}.Debug|x64.Build.0 = Debug|Any CPU
		{569DDA2C-2632-A540-208E-A622E2E8E165}.Debug|x86.ActiveCfg = Debug|Any CPU
		{569DDA2C-2632-A540-208E-A622E2E8E165}.Debug|x86.Build.0 = Debug|Any CPU
		{569DDA2C-2632-A540-208E-A622E2E8E165}.Release|Any CPU.ActiveCfg = Release|Any CPU
		{569DDA2C-2632-A540-208E-A622E2E8E165}.Release|Any CPU.Build.0 = Release|Any CPU
		{569DDA2C-2632-A540-208E-A622E2E8E165}.Release|ARM64.ActiveCfg = Release|Any CPU
		{569DDA2C-2632-A540-208E-A622E2E8E165}.Release|ARM64.Build.0 = Release|Any CPU
		{569DDA2C-2632-A540-208E-A622E2E8E165}.Release|x64.ActiveCfg = Release|Any CPU
		{569DDA2C-2632-A540-208E-A622E2E8E165}.Release|x64.Build.0 = Release|Any CPU
		{569DDA2C-2632-A540-208E-A622E2E8E165}.Release|x86.ActiveCfg = Release|Any CPU
		{569DDA2C-2632-A540-208E-A622E2E8E165}.Release|x86.Build.0 = Release|Any CPU
	EndGlobalSection
	GlobalSection(SolutionProperties) = preSolution
		HideSolutionNode = FALSE
	EndGlobalSection
	GlobalSection(ExtensibilityGlobals) = postSolution
		SolutionGuid = {91DF01CD-C863-4D80-9078-028B13DBF84B}
	EndGlobalSection
EndGlobal
